// !$*UTF8*$!
{
	archiveVersion = 1;
	classes = {
	};
	objectVersion = 56;
	objects = {

/* Begin PBXBuildFile section */
		731C42472913D37900BF01BF /* AppDelegate.swift in Sources */ = {isa = PBXBuildFile; fileRef = 731C42462913D37900BF01BF /* AppDelegate.swift */; };
		731C42492913D37900BF01BF /* SceneDelegate.swift in Sources */ = {isa = PBXBuildFile; fileRef = 731C42482913D37900BF01BF /* SceneDelegate.swift */; };
		731C42532913D37A00BF01BF /* Assets.xcassets in Resources */ = {isa = PBXBuildFile; fileRef = 731C42522913D37A00BF01BF /* Assets.xcassets */; };
		731C42562913D37A00BF01BF /* LaunchScreen.storyboard in Resources */ = {isa = PBXBuildFile; fileRef = 731C42542913D37A00BF01BF /* LaunchScreen.storyboard */; };
		731C42642913D66C00BF01BF /* MainTabBarController.swift in Sources */ = {isa = PBXBuildFile; fileRef = 731C42632913D66C00BF01BF /* MainTabBarController.swift */; };
		731C42692913D7F400BF01BF /* HomeViewController.swift in Sources */ = {isa = PBXBuildFile; fileRef = 731C42672913D7F400BF01BF /* HomeViewController.swift */; };
		731C426A2913D7F400BF01BF /* HomeViewController.xib in Resources */ = {isa = PBXBuildFile; fileRef = 731C42682913D7F400BF01BF /* HomeViewController.xib */; };
		731C426D2913D97D00BF01BF /* AllTransfersViewController.swift in Sources */ = {isa = PBXBuildFile; fileRef = 731C426B2913D97D00BF01BF /* AllTransfersViewController.swift */; };
		731C426E2913D97D00BF01BF /* AllTransfersViewController.xib in Resources */ = {isa = PBXBuildFile; fileRef = 731C426C2913D97D00BF01BF /* AllTransfersViewController.xib */; };
		731C42732913E5E500BF01BF /* HomeTableViewCell.swift in Sources */ = {isa = PBXBuildFile; fileRef = 731C42712913E5E500BF01BF /* HomeTableViewCell.swift */; };
		731C42742913E5E500BF01BF /* HomeTableViewCell.xib in Resources */ = {isa = PBXBuildFile; fileRef = 731C42722913E5E500BF01BF /* HomeTableViewCell.xib */; };
		731C42762913F0EB00BF01BF /* User.swift in Sources */ = {isa = PBXBuildFile; fileRef = 731C42752913F0EB00BF01BF /* User.swift */; };
		731C427B2913FAEE00BF01BF /* BankManager.swift in Sources */ = {isa = PBXBuildFile; fileRef = 731C427A2913FAEE00BF01BF /* BankManager.swift */; };
		731C427E2913FB8500BF01BF /* BankControllerErrors.swift in Sources */ = {isa = PBXBuildFile; fileRef = 731C427D2913FB8500BF01BF /* BankControllerErrors.swift */; };
		731C4283291407C400BF01BF /* UserViewController.swift in Sources */ = {isa = PBXBuildFile; fileRef = 731C4281291407C400BF01BF /* UserViewController.swift */; };
		731C4284291407C400BF01BF /* UserViewController.xib in Resources */ = {isa = PBXBuildFile; fileRef = 731C4282291407C400BF01BF /* UserViewController.xib */; };
/* End PBXBuildFile section */

/* Begin PBXFileReference section */
		731C42432913D37900BF01BF /* Banking App.app */ = {isa = PBXFileReference; explicitFileType = wrapper.application; includeInIndex = 0; path = "Banking App.app"; sourceTree = BUILT_PRODUCTS_DIR; };
		731C42462913D37900BF01BF /* AppDelegate.swift */ = {isa = PBXFileReference; lastKnownFileType = sourcecode.swift; path = AppDelegate.swift; sourceTree = "<group>"; };
		731C42482913D37900BF01BF /* SceneDelegate.swift */ = {isa = PBXFileReference; lastKnownFileType = sourcecode.swift; path = SceneDelegate.swift; sourceTree = "<group>"; };
		731C42522913D37A00BF01BF /* Assets.xcassets */ = {isa = PBXFileReference; lastKnownFileType = folder.assetcatalog; path = Assets.xcassets; sourceTree = "<group>"; };
		731C42552913D37A00BF01BF /* Base */ = {isa = PBXFileReference; lastKnownFileType = file.storyboard; name = Base; path = Base.lproj/LaunchScreen.storyboard; sourceTree = "<group>"; };
		731C42572913D37A00BF01BF /* Info.plist */ = {isa = PBXFileReference; lastKnownFileType = text.plist.xml; path = Info.plist; sourceTree = "<group>"; };
		731C42632913D66C00BF01BF /* MainTabBarController.swift */ = {isa = PBXFileReference; lastKnownFileType = sourcecode.swift; path = MainTabBarController.swift; sourceTree = "<group>"; };
		731C42672913D7F400BF01BF /* HomeViewController.swift */ = {isa = PBXFileReference; lastKnownFileType = sourcecode.swift; path = HomeViewController.swift; sourceTree = "<group>"; };
		731C42682913D7F400BF01BF /* HomeViewController.xib */ = {isa = PBXFileReference; lastKnownFileType = file.xib; path = HomeViewController.xib; sourceTree = "<group>"; };
		731C426B2913D97D00BF01BF /* AllTransfersViewController.swift */ = {isa = PBXFileReference; lastKnownFileType = sourcecode.swift; path = AllTransfersViewController.swift; sourceTree = "<group>"; };
		731C426C2913D97D00BF01BF /* AllTransfersViewController.xib */ = {isa = PBXFileReference; lastKnownFileType = file.xib; path = AllTransfersViewController.xib; sourceTree = "<group>"; };
		731C42712913E5E500BF01BF /* HomeTableViewCell.swift */ = {isa = PBXFileReference; lastKnownFileType = sourcecode.swift; path = HomeTableViewCell.swift; sourceTree = "<group>"; };
		731C42722913E5E500BF01BF /* HomeTableViewCell.xib */ = {isa = PBXFileReference; lastKnownFileType = file.xib; path = HomeTableViewCell.xib; sourceTree = "<group>"; };
		731C42752913F0EB00BF01BF /* User.swift */ = {isa = PBXFileReference; lastKnownFileType = sourcecode.swift; path = User.swift; sourceTree = "<group>"; };
		731C427A2913FAEE00BF01BF /* BankManager.swift */ = {isa = PBXFileReference; lastKnownFileType = sourcecode.swift; path = BankManager.swift; sourceTree = "<group>"; };
		731C427D2913FB8500BF01BF /* BankControllerErrors.swift */ = {isa = PBXFileReference; lastKnownFileType = sourcecode.swift; path = BankControllerErrors.swift; sourceTree = "<group>"; };
		731C4281291407C400BF01BF /* UserViewController.swift */ = {isa = PBXFileReference; lastKnownFileType = sourcecode.swift; path = UserViewController.swift; sourceTree = "<group>"; };
		731C4282291407C400BF01BF /* UserViewController.xib */ = {isa = PBXFileReference; lastKnownFileType = file.xib; path = UserViewController.xib; sourceTree = "<group>"; };
/* End PBXFileReference section */

/* Begin PBXFrameworksBuildPhase section */
		731C42402913D37900BF01BF /* Frameworks */ = {
			isa = PBXFrameworksBuildPhase;
			buildActionMask = 2147483647;
			files = (
			);
			runOnlyForDeploymentPostprocessing = 0;
		};
/* End PBXFrameworksBuildPhase section */

/* Begin PBXGroup section */
		731C423A2913D37900BF01BF = {
			isa = PBXGroup;
			children = (
				731C42452913D37900BF01BF /* Banking App */,
				731C42442913D37900BF01BF /* Products */,
			);
			sourceTree = "<group>";
		};
		731C42442913D37900BF01BF /* Products */ = {
			isa = PBXGroup;
			children = (
				731C42432913D37900BF01BF /* Banking App.app */,
			);
			name = Products;
			sourceTree = "<group>";
		};
		731C42452913D37900BF01BF /* Banking App */ = {
			isa = PBXGroup;
			children = (
				731C42612913D42800BF01BF /* Resources */,
				731C42602913D40B00BF01BF /* Managers */,
				731C425F2913D3FE00BF01BF /* Models */,
				731C425E2913D3F800BF01BF /* Views */,
				731C425D2913D3F200BF01BF /* Controllers */,
				731C42572913D37A00BF01BF /* Info.plist */,
			);
			path = "Banking App";
			sourceTree = "<group>";
		};
		731C425D2913D3F200BF01BF /* Controllers */ = {
			isa = PBXGroup;
			children = (
				731C42632913D66C00BF01BF /* MainTabBarController.swift */,
				731C42652913D7AE00BF01BF /* Core */,
				731C42702913E59700BF01BF /* Cells */,
			);
			path = Controllers;
			sourceTree = "<group>";
		};
		731C425E2913D3F800BF01BF /* Views */ = {
			isa = PBXGroup;
			children = (
				731C42622913D44300BF01BF /* Storyboards */,
				731C42662913D7CD00BF01BF /* Core */,
				731C426F2913E55F00BF01BF /* Cells */,
			);
			path = Views;
			sourceTree = "<group>";
		};
		731C425F2913D3FE00BF01BF /* Models */ = {
			isa = PBXGroup;
			children = (
				731C42752913F0EB00BF01BF /* User.swift */,
			);
			path = Models;
			sourceTree = "<group>";
		};
		731C42602913D40B00BF01BF /* Managers */ = {
			isa = PBXGroup;
			children = (
				731C427A2913FAEE00BF01BF /* BankManager.swift */,
			);
			path = Managers;
			sourceTree = "<group>";
		};
		731C42612913D42800BF01BF /* Resources */ = {
			isa = PBXGroup;
			children = (
				731C427C2913FB6300BF01BF /* Enums */,
				731C42462913D37900BF01BF /* AppDelegate.swift */,
				731C42482913D37900BF01BF /* SceneDelegate.swift */,
				731C42522913D37A00BF01BF /* Assets.xcassets */,
			);
			path = Resources;
			sourceTree = "<group>";
		};
		731C42622913D44300BF01BF /* Storyboards */ = {
			isa = PBXGroup;
			children = (
				731C42542913D37A00BF01BF /* LaunchScreen.storyboard */,
			);
			path = Storyboards;
			sourceTree = "<group>";
		};
		731C42652913D7AE00BF01BF /* Core */ = {
			isa = PBXGroup;
			children = (
				731C4281291407C400BF01BF /* UserViewController.swift */,
				731C426B2913D97D00BF01BF /* AllTransfersViewController.swift */,
				731C42672913D7F400BF01BF /* HomeViewController.swift */,
			);
			path = Core;
			sourceTree = "<group>";
		};
		731C42662913D7CD00BF01BF /* Core */ = {
			isa = PBXGroup;
			children = (
				731C42682913D7F400BF01BF /* HomeViewController.xib */,
				731C426C2913D97D00BF01BF /* AllTransfersViewController.xib */,
				731C4282291407C400BF01BF /* UserViewController.xib */,
			);
			path = Core;
			sourceTree = "<group>";
		};
		731C426F2913E55F00BF01BF /* Cells */ = {
			isa = PBXGroup;
			children = (
				731C42722913E5E500BF01BF /* HomeTableViewCell.xib */,
			);
			path = Cells;
			sourceTree = "<group>";
		};
		731C42702913E59700BF01BF /* Cells */ = {
			isa = PBXGroup;
			children = (
				731C42712913E5E500BF01BF /* HomeTableViewCell.swift */,
			);
			path = Cells;
			sourceTree = "<group>";
		};
		731C427C2913FB6300BF01BF /* Enums */ = {
			isa = PBXGroup;
			children = (
				731C427D2913FB8500BF01BF /* BankControllerErrors.swift */,
			);
			path = Enums;
			sourceTree = "<group>";
		};
/* End PBXGroup section */

/* Begin PBXNativeTarget section */
		731C42422913D37900BF01BF /* Banking App */ = {
			isa = PBXNativeTarget;
			buildConfigurationList = 731C425A2913D37A00BF01BF /* Build configuration list for PBXNativeTarget "Banking App" */;
			buildPhases = (
				731C423F2913D37900BF01BF /* Sources */,
				731C42402913D37900BF01BF /* Frameworks */,
				731C42412913D37900BF01BF /* Resources */,
			);
			buildRules = (
			);
			dependencies = (
			);
			name = "Banking App";
			packageProductDependencies = (
			);
			productName = "Banking App";
			productReference = 731C42432913D37900BF01BF /* Banking App.app */;
			productType = "com.apple.product-type.application";
		};
/* End PBXNativeTarget section */

/* Begin PBXProject section */
		731C423B2913D37900BF01BF /* Project object */ = {
			isa = PBXProject;
			attributes = {
				BuildIndependentTargetsInParallel = 1;
				LastSwiftUpdateCheck = 1400;
				LastUpgradeCheck = 1400;
				TargetAttributes = {
					731C42422913D37900BF01BF = {
						CreatedOnToolsVersion = 14.0.1;
					};
				};
			};
			buildConfigurationList = 731C423E2913D37900BF01BF /* Build configuration list for PBXProject "Banking App" */;
			compatibilityVersion = "Xcode 14.0";
			developmentRegion = en;
			hasScannedForEncodings = 0;
			knownRegions = (
				en,
				Base,
			);
			mainGroup = 731C423A2913D37900BF01BF;
			packageReferences = (
			);
			productRefGroup = 731C42442913D37900BF01BF /* Products */;
			projectDirPath = "";
			projectRoot = "";
			targets = (
				731C42422913D37900BF01BF /* Banking App */,
			);
		};
/* End PBXProject section */

/* Begin PBXResourcesBuildPhase section */
		731C42412913D37900BF01BF /* Resources */ = {
			isa = PBXResourcesBuildPhase;
			buildActionMask = 2147483647;
			files = (
				731C42562913D37A00BF01BF /* LaunchScreen.storyboard in Resources */,
				731C4284291407C400BF01BF /* UserViewController.xib in Resources */,
				731C42532913D37A00BF01BF /* Assets.xcassets in Resources */,
				731C426A2913D7F400BF01BF /* HomeViewController.xib in Resources */,
				731C42742913E5E500BF01BF /* HomeTableViewCell.xib in Resources */,
				731C426E2913D97D00BF01BF /* AllTransfersViewController.xib in Resources */,
			);
			runOnlyForDeploymentPostprocessing = 0;
		};
/* End PBXResourcesBuildPhase section */

/* Begin PBXSourcesBuildPhase section */
		731C423F2913D37900BF01BF /* Sources */ = {
			isa = PBXSourcesBuildPhase;
			buildActionMask = 2147483647;
			files = (
				731C426D2913D97D00BF01BF /* AllTransfersViewController.swift in Sources */,
				731C4283291407C400BF01BF /* UserViewController.swift in Sources */,
				731C42692913D7F400BF01BF /* HomeViewController.swift in Sources */,
				731C427E2913FB8500BF01BF /* BankControllerErrors.swift in Sources */,
				731C427B2913FAEE00BF01BF /* BankManager.swift in Sources */,
				731C42732913E5E500BF01BF /* HomeTableViewCell.swift in Sources */,
				731C42472913D37900BF01BF /* AppDelegate.swift in Sources */,
				731C42762913F0EB00BF01BF /* User.swift in Sources */,
				731C42642913D66C00BF01BF /* MainTabBarController.swift in Sources */,
				731C42492913D37900BF01BF /* SceneDelegate.swift in Sources */,
			);
			runOnlyForDeploymentPostprocessing = 0;
		};
/* End PBXSourcesBuildPhase section */

/* Begin PBXVariantGroup section */
		731C42542913D37A00BF01BF /* LaunchScreen.storyboard */ = {
			isa = PBXVariantGroup;
			children = (
				731C42552913D37A00BF01BF /* Base */,
			);
			name = LaunchScreen.storyboard;
			sourceTree = "<group>";
		};
/* End PBXVariantGroup section */

/* Begin XCBuildConfiguration section */
		731C42582913D37A00BF01BF /* Debug */ = {
			isa = XCBuildConfiguration;
			buildSettings = {
				ALWAYS_SEARCH_USER_PATHS = NO;
				CLANG_ANALYZER_NONNULL = YES;
				CLANG_ANALYZER_NUMBER_OBJECT_CONVERSION = YES_AGGRESSIVE;
				CLANG_CXX_LANGUAGE_STANDARD = "gnu++20";
				CLANG_ENABLE_MODULES = YES;
				CLANG_ENABLE_OBJC_ARC = YES;
				CLANG_ENABLE_OBJC_WEAK = YES;
				CLANG_WARN_BLOCK_CAPTURE_AUTORELEASING = YES;
				CLANG_WARN_BOOL_CONVERSION = YES;
				CLANG_WARN_COMMA = YES;
				CLANG_WARN_CONSTANT_CONVERSION = YES;
				CLANG_WARN_DEPRECATED_OBJC_IMPLEMENTATIONS = YES;
				CLANG_WARN_DIRECT_OBJC_ISA_USAGE = YES_ERROR;
				CLANG_WARN_DOCUMENTATION_COMMENTS = YES;
				CLANG_WARN_EMPTY_BODY = YES;
				CLANG_WARN_ENUM_CONVERSION = YES;
				CLANG_WARN_INFINITE_RECURSION = YES;
				CLANG_WARN_INT_CONVERSION = YES;
				CLANG_WARN_NON_LITERAL_NULL_CONVERSION = YES;
				CLANG_WARN_OBJC_IMPLICIT_RETAIN_SELF = YES;
				CLANG_WARN_OBJC_LITERAL_CONVERSION = YES;
				CLANG_WARN_OBJC_ROOT_CLASS = YES_ERROR;
				CLANG_WARN_QUOTED_INCLUDE_IN_FRAMEWORK_HEADER = YES;
				CLANG_WARN_RANGE_LOOP_ANALYSIS = YES;
				CLANG_WARN_STRICT_PROTOTYPES = YES;
				CLANG_WARN_SUSPICIOUS_MOVE = YES;
				CLANG_WARN_UNGUARDED_AVAILABILITY = YES_AGGRESSIVE;
				CLANG_WARN_UNREACHABLE_CODE = YES;
				CLANG_WARN__DUPLICATE_METHOD_MATCH = YES;
				COPY_PHASE_STRIP = NO;
				DEBUG_INFORMATION_FORMAT = dwarf;
				ENABLE_STRICT_OBJC_MSGSEND = YES;
				ENABLE_TESTABILITY = YES;
				GCC_C_LANGUAGE_STANDARD = gnu11;
				GCC_DYNAMIC_NO_PIC = NO;
				GCC_NO_COMMON_BLOCKS = YES;
				GCC_OPTIMIZATION_LEVEL = 0;
				GCC_PREPROCESSOR_DEFINITIONS = (
					"DEBUG=1",
					"$(inherited)",
				);
				GCC_WARN_64_TO_32_BIT_CONVERSION = YES;
				GCC_WARN_ABOUT_RETURN_TYPE = YES_ERROR;
				GCC_WARN_UNDECLARED_SELECTOR = YES;
				GCC_WARN_UNINITIALIZED_AUTOS = YES_AGGRESSIVE;
				GCC_WARN_UNUSED_FUNCTION = YES;
				GCC_WARN_UNUSED_VARIABLE = YES;
				IPHONEOS_DEPLOYMENT_TARGET = 16.0;
				MTL_ENABLE_DEBUG_INFO = INCLUDE_SOURCE;
				MTL_FAST_MATH = YES;
				ONLY_ACTIVE_ARCH = YES;
				SDKROOT = iphoneos;
				SWIFT_ACTIVE_COMPILATION_CONDITIONS = DEBUG;
				SWIFT_OPTIMIZATION_LEVEL = "-Onone";
			};
			name = Debug;
		};
		731C42592913D37A00BF01BF /* Release */ = {
			isa = XCBuildConfiguration;
			buildSettings = {
				ALWAYS_SEARCH_USER_PATHS = NO;
				CLANG_ANALYZER_NONNULL = YES;
				CLANG_ANALYZER_NUMBER_OBJECT_CONVERSION = YES_AGGRESSIVE;
				CLANG_CXX_LANGUAGE_STANDARD = "gnu++20";
				CLANG_ENABLE_MODULES = YES;
				CLANG_ENABLE_OBJC_ARC = YES;
				CLANG_ENABLE_OBJC_WEAK = YES;
				CLANG_WARN_BLOCK_CAPTURE_AUTORELEASING = YES;
				CLANG_WARN_BOOL_CONVERSION = YES;
				CLANG_WARN_COMMA = YES;
				CLANG_WARN_CONSTANT_CONVERSION = YES;
				CLANG_WARN_DEPRECATED_OBJC_IMPLEMENTATIONS = YES;
				CLANG_WARN_DIRECT_OBJC_ISA_USAGE = YES_ERROR;
				CLANG_WARN_DOCUMENTATION_COMMENTS = YES;
				CLANG_WARN_EMPTY_BODY = YES;
				CLANG_WARN_ENUM_CONVERSION = YES;
				CLANG_WARN_INFINITE_RECURSION = YES;
				CLANG_WARN_INT_CONVERSION = YES;
				CLANG_WARN_NON_LITERAL_NULL_CONVERSION = YES;
				CLANG_WARN_OBJC_IMPLICIT_RETAIN_SELF = YES;
				CLANG_WARN_OBJC_LITERAL_CONVERSION = YES;
				CLANG_WARN_OBJC_ROOT_CLASS = YES_ERROR;
				CLANG_WARN_QUOTED_INCLUDE_IN_FRAMEWORK_HEADER = YES;
				CLANG_WARN_RANGE_LOOP_ANALYSIS = YES;
				CLANG_WARN_STRICT_PROTOTYPES = YES;
				CLANG_WARN_SUSPICIOUS_MOVE = YES;
				CLANG_WARN_UNGUARDED_AVAILABILITY = YES_AGGRESSIVE;
				CLANG_WARN_UNREACHABLE_CODE = YES;
				CLANG_WARN__DUPLICATE_METHOD_MATCH = YES;
				COPY_PHASE_STRIP = NO;
				DEBUG_INFORMATION_FORMAT = "dwarf-with-dsym";
				ENABLE_NS_ASSERTIONS = NO;
				ENABLE_STRICT_OBJC_MSGSEND = YES;
				GCC_C_LANGUAGE_STANDARD = gnu11;
				GCC_NO_COMMON_BLOCKS = YES;
				GCC_WARN_64_TO_32_BIT_CONVERSION = YES;
				GCC_WARN_ABOUT_RETURN_TYPE = YES_ERROR;
				GCC_WARN_UNDECLARED_SELECTOR = YES;
				GCC_WARN_UNINITIALIZED_AUTOS = YES_AGGRESSIVE;
				GCC_WARN_UNUSED_FUNCTION = YES;
				GCC_WARN_UNUSED_VARIABLE = YES;
				IPHONEOS_DEPLOYMENT_TARGET = 16.0;
				MTL_ENABLE_DEBUG_INFO = NO;
				MTL_FAST_MATH = YES;
				SDKROOT = iphoneos;
				SWIFT_COMPILATION_MODE = wholemodule;
				SWIFT_OPTIMIZATION_LEVEL = "-O";
				VALIDATE_PRODUCT = YES;
			};
			name = Release;
		};
		731C425B2913D37A00BF01BF /* Debug */ = {
			isa = XCBuildConfiguration;
			buildSettings = {
				ASSETCATALOG_COMPILER_APPICON_NAME = AppIcon;
				ASSETCATALOG_COMPILER_GLOBAL_ACCENT_COLOR_NAME = AccentColor;
				CODE_SIGN_STYLE = Automatic;
				CURRENT_PROJECT_VERSION = 1;
				DEVELOPMENT_TEAM = 4U8DMJ33ZN;
				GENERATE_INFOPLIST_FILE = YES;
				INFOPLIST_FILE = "Banking App/Info.plist";
				INFOPLIST_KEY_CFBundleDisplayName = Banking;
				INFOPLIST_KEY_LSApplicationCategoryType = "public.app-category.business";
				INFOPLIST_KEY_UIApplicationSupportsIndirectInputEvents = YES;
				INFOPLIST_KEY_UILaunchStoryboardName = LaunchScreen;
				INFOPLIST_KEY_UISupportedInterfaceOrientations_iPad = "UIInterfaceOrientationPortrait UIInterfaceOrientationPortraitUpsideDown UIInterfaceOrientationLandscapeLeft UIInterfaceOrientationLandscapeRight";
				INFOPLIST_KEY_UISupportedInterfaceOrientations_iPhone = "UIInterfaceOrientationPortrait UIInterfaceOrientationLandscapeLeft UIInterfaceOrientationLandscapeRight";
				IPHONEOS_DEPLOYMENT_TARGET = 13.0;
				LD_RUNPATH_SEARCH_PATHS = (
					"$(inherited)",
					"@executable_path/Frameworks",
				);
				MARKETING_VERSION = 1.0;
				PRODUCT_BUNDLE_IDENTIFIER = "yamany.Banking-App";
				PRODUCT_NAME = "$(TARGET_NAME)";
				SWIFT_EMIT_LOC_STRINGS = YES;
				SWIFT_VERSION = 5.0;
				TARGETED_DEVICE_FAMILY = "1,2";
			};
			name = Debug;
		};
		731C425C2913D37A00BF01BF /* Release */ = {
			isa = XCBuildConfiguration;
			buildSettings = {
				ASSETCATALOG_COMPILER_APPICON_NAME = AppIcon;
				ASSETCATALOG_COMPILER_GLOBAL_ACCENT_COLOR_NAME = AccentColor;
				CODE_SIGN_STYLE = Automatic;
				CURRENT_PROJECT_VERSION = 1;
				DEVELOPMENT_TEAM = 4U8DMJ33ZN;
				GENERATE_INFOPLIST_FILE = YES;
				INFOPLIST_FILE = "Banking App/Info.plist";
				INFOPLIST_KEY_CFBundleDisplayName = Banking;
				INFOPLIST_KEY_LSApplicationCategoryType = "public.app-category.business";
				INFOPLIST_KEY_UIApplicationSupportsIndirectInputEvents = YES;
				INFOPLIST_KEY_UILaunchStoryboardName = LaunchScreen;
				INFOPLIST_KEY_UISupportedInterfaceOrientations_iPad = "UIInterfaceOrientationPortrait UIInterfaceOrientationPortraitUpsideDown UIInterfaceOrientationLandscapeLeft UIInterfaceOrientationLandscapeRight";
				INFOPLIST_KEY_UISupportedInterfaceOrientations_iPhone = "UIInterfaceOrientationPortrait UIInterfaceOrientationLandscapeLeft UIInterfaceOrientationLandscapeRight";
				IPHONEOS_DEPLOYMENT_TARGET = 13.0;
				LD_RUNPATH_SEARCH_PATHS = (
					"$(inherited)",
					"@executable_path/Frameworks",
				);
				MARKETING_VERSION = 1.0;
				PRODUCT_BUNDLE_IDENTIFIER = "yamany.Banking-App";
				PRODUCT_NAME = "$(TARGET_NAME)";
				SWIFT_EMIT_LOC_STRINGS = YES;
				SWIFT_VERSION = 5.0;
				TARGETED_DEVICE_FAMILY = "1,2";
			};
			name = Release;
		};
/* End XCBuildConfiguration section */

/* Begin XCConfigurationList section */
		731C423E2913D37900BF01BF /* Build configuration list for PBXProject "Banking App" */ = {
			isa = XCConfigurationList;
			buildConfigurations = (
				731C42582913D37A00BF01BF /* Debug */,
				731C42592913D37A00BF01BF /* Release */,
			);
			defaultConfigurationIsVisible = 0;
			defaultConfigurationName = Release;
		};
		731C425A2913D37A00BF01BF /* Build configuration list for PBXNativeTarget "Banking App" */ = {
			isa = XCConfigurationList;
			buildConfigurations = (
				731C425B2913D37A00BF01BF /* Debug */,
				731C425C2913D37A00BF01BF /* Release */,
			);
			defaultConfigurationIsVisible = 0;
			defaultConfigurationName = Release;
		};
/* End XCConfigurationList section */
	};
	rootObject = 731C423B2913D37900BF01BF /* Project object */;
}
